
Microsoft Visual Studio Solution File, Format Version 12.00
# Visual Studio Version 16
VisualStudioVersion = 16.0.31424.327
MinimumVisualStudioVersion = 10.0.40219.1
Project("{FAE04EC0-301F-11D3-BF4B-00C04F79EFBC}") = "eShop", "eShop\eShop.csproj", "{2F4EB32C-61D9-44B9-9321-8A1944D9303C}"
EndProject
Global
	GlobalSection(SolutionConfigurationPlatforms) = preSolution
		Debug|Any CPU = Debug|Any CPU
		Release|Any CPU = Release|Any CPU
	EndGlobalSection
	GlobalSection(ProjectConfigurationPlatforms) = postSolution
		{2F4EB32C-61D9-44B9-9321-8A1944D9303C}.Debug|Any CPU.ActiveCfg = Debug|Any CPU
		{2F4EB32C-61D9-44B9-9321-8A1944D9303C}.Debug|Any CPU.Build.0 = Debug|Any CPU
		{2F4EB32C-61D9-44B9-9321-8A1944D9303C}.Release|Any CPU.ActiveCfg = Release|Any CPU
		{2F4EB32C-61D9-44B9-9321-8A1944D9303C}.Release|Any CPU.Build.0 = Release|Any CPU
	EndGlobalSection
	GlobalSection(SolutionProperties) = preSolution
		HideSolutionNode = FALSE
	EndGlobalSection
	GlobalSection(ExtensibilityGlobals) = postSolution
		SolutionGuid = {624681E7-A3E0-4CCC-B047-3237A525F4B5}
	EndGlobalSection
EndGlobal
